{
  "dependencies": {
    "@babel/dev": {
      "dependencies": {
        "hoek": {
          "dependencies": {
            "hoek": {
              "dependencies": {
                "hoek": {
                  "dev": false,
                  "version": "5.0.0.1"
                }
              },
              "dev": true,
              "version": "5.0.0.2"
            }
          },
          "version": "5.0.0.3"
        }
      },
      "dev": true,
      "version": "7.11.0.4"
    },
    "@babel/prod": {
      "dependencies": {
        "hoek": {
          "dependencies": {
            "hoek": {
              "dependencies": {
                "hoek": {
                  "dev": true,
                  "version": "5.0.0.5"
                }
              },
              "dev": false,
              "version": "5.0.0.6"
            }
          },
          "version": "5.0.0.7"
        }
      },
      "version": "7.11.0.8"
    }
  }
}
