# THIS IS AN AUTOGENERATED FILE. DO NOT EDIT THIS FILE DIRECTLY.
# yarn lockfile v1


"@angular/core@^13.3.3":
  version "13.3.3"
  resolved "https://registry.yarnpkg.com/@angular/core/-/core-13.3.3.tgz#870b989e4f8354a290298a83a4bec37d474e8af6"
  integrity sha512-zVsAuR1qT2QEUXDk8ANs+pCnxH7ckKAD+rJXoxI1Br94Ey1o7lNXu/GPJtTqxDbsRd7sGqMMQRti36t2CA5QhA==
  dependencies:
    tslib "^2.3.0"

ajv@^6.12.3:
  version "6.12.6"
  resolved "https://registry.yarnpkg.com/ajv/-/ajv-6.12.6.tgz#baf5a62e802b07d977034586f8c3baf5adf26df4"
  integrity sha512-j3fVLgvTo527anyYyJOGTYJbG+vnnQYvE0m5mmkc1TK+nxAppkCLMIL0aZ4dblVCNoGShhm+kzE4ZUykBoMg4g==
  dependencies:
    fast-deep-equal "^3.1.1"
    fast-json-stable-stringify "^2.0.0"
    json-schema-traverse "^0.4.1"
    uri-js "^4.2.2"

asn1@~0.2.3:
  version "0.2.6"
  resolved "https://registry.yarnpkg.com/asn1/-/asn1-0.2.6.tgz#0d3a7bb6e64e02a90c0303b31f292868ea09a08d"
  integrity sha512-ix/FxPn0MDjeyJ7i/yoHGFt/EX6LyNbxSEhPPXODPL+KB0VPk86UYfL0lMdy+KCnv+fmvIzySwaK5COwqVbWTQ==
  dependencies:
    safer-buffer "~2.1.0"

xmldom@0.4.0:
  version "0.4.0"
  resolved "https://registry.yarnpkg.com/xmldom/-/xmldom-0.4.0.tgz#8771e482a333af44587e30ce026f0998c23f3830"
  integrity sha512-2E93k08T30Ugs+34HBSTQLVtpi6mCddaY8uO+pMNk1pqSjV5vElzn4mmh6KLxN3hki8rNcHSYzILoh3TEWORvA==
